
Microsoft Visual Studio Solution File, Format Version 12.00
# Visual Studio Version 16
VisualStudioVersion = 16.0.31702.278
MinimumVisualStudioVersion = 10.0.40219.1
Project("{FAE04EC0-301F-11D3-BF4B-00C04F79EFBC}") = "WebMVCR1", "WebMVCR1\WebMVCR1.csproj", "{727A3648-8542-460F-80D6-CAC6D487F0DE}"
EndProject
Global
	GlobalSection(SolutionConfigurationPlatforms) = preSolution
		Debug|Any CPU = Debug|Any CPU
		Release|Any CPU = Release|Any CPU
	EndGlobalSection
	GlobalSection(ProjectConfigurationPlatforms) = postSolution
		{727A3648-8542-460F-80D6-CAC6D487F0DE}.Debug|Any CPU.ActiveCfg = Debug|Any CPU
		{727A3648-8542-460F-80D6-CAC6D487F0DE}.Debug|Any CPU.Build.0 = Debug|Any CPU
		{727A3648-8542-460F-80D6-CAC6D487F0DE}.Release|Any CPU.ActiveCfg = Release|Any CPU
		{727A3648-8542-460F-80D6-CAC6D487F0DE}.Release|Any CPU.Build.0 = Release|Any CPU
	EndGlobalSection
	GlobalSection(SolutionProperties) = preSolution
		HideSolutionNode = FALSE
	EndGlobalSection
	GlobalSection(ExtensibilityGlobals) = postSolution
		SolutionGuid = {A2496198-2F10-489A-8D04-6E53B5CC5CF8}
	EndGlobalSection
EndGlobal
